
Microsoft Visual Studio Solution File, Format Version 12.00
# Visual Studio Version 17
VisualStudioVersion = 17.13.35825.156
MinimumVisualStudioVersion = 10.0.40219.1
Project("{FAE04EC0-301F-11D3-BF4B-00C04F79EFBC}") = "MyBooks.Common", "MyBooks.Common\MyBooks.Common.csproj", "{1D123B63-CE1B-4A2C-A220-1733008259C4}"
EndProject
Project("{FAE04EC0-301F-11D3-BF4B-00C04F79EFBC}") = "MyBooks.CatalogService", "MyBooks.CatalogService\MyBooks.CatalogService.csproj", "{37CCA6AF-A2F4-47CF-BC54-C9F78149D67F}"
EndProject
Project("{54A90642-561A-4BB1-A94E-469ADEE60C69}") = "MyBooks.UI", "MyBooks.UI\MyBooks.UI.esproj", "{66A63FC2-75C6-5DE1-59F8-BEFBB098DC53}"
EndProject
Project("{2150E333-8FDC-42A3-9474-1A3956D46DE8}") = "Solution Items", "Solution Items", "{8EC462FD-D22E-90A8-E5CE-7E832BA40C5D}"
	ProjectSection(SolutionItems) = preProject
		.gitignore = .gitignore
	EndProjectSection
EndProject
Project("{FAE04EC0-301F-11D3-BF4B-00C04F79EFBC}") = "MyBooks.FileService", "MyBooks.FileService\MyBooks.FileService.csproj", "{C3DAC7D4-D6FB-4CEF-800A-7E86CFAF027B}"
EndProject
Project("{FAE04EC0-301F-11D3-BF4B-00C04F79EFBC}") = "MyBooks.AuthService", "MyBooks.AuthService\MyBooks.AuthService.csproj", "{C8BD21C9-75A4-4825-B516-B1FCD82394E1}"
EndProject
Project("{FAE04EC0-301F-11D3-BF4B-00C04F79EFBC}") = "MyBooks.TenantService", "MyBooks.TenantService\MyBooks.TenantService.csproj", "{7F87CB0E-FA7E-4DA6-AD70-A45F6616F86B}"
EndProject
Project("{FAE04EC0-301F-11D3-BF4B-00C04F79EFBC}") = "MyBooks.EmailService", "MyBooks.EmailService\MyBooks.EmailService.csproj", "{D61F14BF-03DE-4AE4-AFFE-B79452DCB6D8}"
EndProject
Project("{FAE04EC0-301F-11D3-BF4B-00C04F79EFBC}") = "MyBooks.SupportService", "MyBooks.SupportService\MyBooks.SupportService.csproj", "{B86A11D4-A328-4DB7-9D20-96586E43026F}"
EndProject
Project("{FAE04EC0-301F-11D3-BF4B-00C04F79EFBC}") = "MyBooks.AuthService.Tests", "MyBooks.AuthService.Tests\MyBooks.AuthService.Tests.csproj", "{3D209A14-B865-49B9-A974-205D67635003}"
EndProject
Project("{FAE04EC0-301F-11D3-BF4B-00C04F79EFBC}") = "MyBooks.FileService.Tests", "MyBooks.FileService.Tests\MyBooks.FileService.Tests.csproj", "{ED2A8978-BB67-4128-80D5-FF7B11F2C4B2}"
EndProject
Global
	GlobalSection(SolutionConfigurationPlatforms) = preSolution
		Debug|Any CPU = Debug|Any CPU
		Debug|x64 = Debug|x64
		Debug|x86 = Debug|x86
		Release|Any CPU = Release|Any CPU
		Release|x64 = Release|x64
		Release|x86 = Release|x86
	EndGlobalSection
	GlobalSection(ProjectConfigurationPlatforms) = postSolution
		{1D123B63-CE1B-4A2C-A220-1733008259C4}.Debug|Any CPU.ActiveCfg = Debug|Any CPU
		{1D123B63-CE1B-4A2C-A220-1733008259C4}.Debug|Any CPU.Build.0 = Debug|Any CPU
		{1D123B63-CE1B-4A2C-A220-1733008259C4}.Debug|x64.ActiveCfg = Debug|Any CPU
		{1D123B63-CE1B-4A2C-A220-1733008259C4}.Debug|x64.Build.0 = Debug|Any CPU
		{1D123B63-CE1B-4A2C-A220-1733008259C4}.Debug|x86.ActiveCfg = Debug|Any CPU
		{1D123B63-CE1B-4A2C-A220-1733008259C4}.Debug|x86.Build.0 = Debug|Any CPU
		{1D123B63-CE1B-4A2C-A220-1733008259C4}.Release|Any CPU.ActiveCfg = Release|Any CPU
		{1D123B63-CE1B-4A2C-A220-1733008259C4}.Release|Any CPU.Build.0 = Release|Any CPU
		{1D123B63-CE1B-4A2C-A220-1733008259C4}.Release|x64.ActiveCfg = Release|Any CPU
		{1D123B63-CE1B-4A2C-A220-1733008259C4}.Release|x64.Build.0 = Release|Any CPU
		{1D123B63-CE1B-4A2C-A220-1733008259C4}.Release|x86.ActiveCfg = Release|Any CPU
		{1D123B63-CE1B-4A2C-A220-1733008259C4}.Release|x86.Build.0 = Release|Any CPU
		{37CCA6AF-A2F4-47CF-BC54-C9F78149D67F}.Debug|Any CPU.ActiveCfg = Debug|Any CPU
		{37CCA6AF-A2F4-47CF-BC54-C9F78149D67F}.Debug|Any CPU.Build.0 = Debug|Any CPU
		{37CCA6AF-A2F4-47CF-BC54-C9F78149D67F}.Debug|x64.ActiveCfg = Debug|Any CPU
		{37CCA6AF-A2F4-47CF-BC54-C9F78149D67F}.Debug|x64.Build.0 = Debug|Any CPU
		{37CCA6AF-A2F4-47CF-BC54-C9F78149D67F}.Debug|x86.ActiveCfg = Debug|Any CPU
		{37CCA6AF-A2F4-47CF-BC54-C9F78149D67F}.Debug|x86.Build.0 = Debug|Any CPU
		{37CCA6AF-A2F4-47CF-BC54-C9F78149D67F}.Release|Any CPU.ActiveCfg = Release|Any CPU
		{37CCA6AF-A2F4-47CF-BC54-C9F78149D67F}.Release|Any CPU.Build.0 = Release|Any CPU
		{37CCA6AF-A2F4-47CF-BC54-C9F78149D67F}.Release|x64.ActiveCfg = Release|Any CPU
		{37CCA6AF-A2F4-47CF-BC54-C9F78149D67F}.Release|x64.Build.0 = Release|Any CPU
		{37CCA6AF-A2F4-47CF-BC54-C9F78149D67F}.Release|x86.ActiveCfg = Release|Any CPU
		{37CCA6AF-A2F4-47CF-BC54-C9F78149D67F}.Release|x86.Build.0 = Release|Any CPU
		{66A63FC2-75C6-5DE1-59F8-BEFBB098DC53}.Debug|Any CPU.ActiveCfg = Debug|Any CPU
		{66A63FC2-75C6-5DE1-59F8-BEFBB098DC53}.Debug|Any CPU.Build.0 = Debug|Any CPU
		{66A63FC2-75C6-5DE1-59F8-BEFBB098DC53}.Debug|Any CPU.Deploy.0 = Debug|Any CPU
		{66A63FC2-75C6-5DE1-59F8-BEFBB098DC53}.Debug|x64.ActiveCfg = Debug|x64
		{66A63FC2-75C6-5DE1-59F8-BEFBB098DC53}.Debug|x86.ActiveCfg = Debug|x86
		{66A63FC2-75C6-5DE1-59F8-BEFBB098DC53}.Release|Any CPU.ActiveCfg = Release|Any CPU
		{66A63FC2-75C6-5DE1-59F8-BEFBB098DC53}.Release|Any CPU.Build.0 = Release|Any CPU
		{66A63FC2-75C6-5DE1-59F8-BEFBB098DC53}.Release|Any CPU.Deploy.0 = Release|Any CPU
		{66A63FC2-75C6-5DE1-59F8-BEFBB098DC53}.Release|x64.ActiveCfg = Release|x64
		{66A63FC2-75C6-5DE1-59F8-BEFBB098DC53}.Release|x86.ActiveCfg = Release|x86
		{C3DAC7D4-D6FB-4CEF-800A-7E86CFAF027B}.Debug|Any CPU.ActiveCfg = Debug|Any CPU
		{C3DAC7D4-D6FB-4CEF-800A-7E86CFAF027B}.Debug|Any CPU.Build.0 = Debug|Any CPU
		{C3DAC7D4-D6FB-4CEF-800A-7E86CFAF027B}.Debug|x64.ActiveCfg = Debug|Any CPU
		{C3DAC7D4-D6FB-4CEF-800A-7E86CFAF027B}.Debug|x64.Build.0 = Debug|Any CPU
		{C3DAC7D4-D6FB-4CEF-800A-7E86CFAF027B}.Debug|x86.ActiveCfg = Debug|Any CPU
		{C3DAC7D4-D6FB-4CEF-800A-7E86CFAF027B}.Debug|x86.Build.0 = Debug|Any CPU
		{C3DAC7D4-D6FB-4CEF-800A-7E86CFAF027B}.Release|Any CPU.ActiveCfg = Release|Any CPU
		{C3DAC7D4-D6FB-4CEF-800A-7E86CFAF027B}.Release|Any CPU.Build.0 = Release|Any CPU
		{C3DAC7D4-D6FB-4CEF-800A-7E86CFAF027B}.Release|x64.ActiveCfg = Release|Any CPU
		{C3DAC7D4-D6FB-4CEF-800A-7E86CFAF027B}.Release|x64.Build.0 = Release|Any CPU
		{C3DAC7D4-D6FB-4CEF-800A-7E86CFAF027B}.Release|x86.ActiveCfg = Release|Any CPU
		{C3DAC7D4-D6FB-4CEF-800A-7E86CFAF027B}.Release|x86.Build.0 = Release|Any CPU
		{C8BD21C9-75A4-4825-B516-B1FCD82394E1}.Debug|Any CPU.ActiveCfg = Debug|Any CPU
		{C8BD21C9-75A4-4825-B516-B1FCD82394E1}.Debug|Any CPU.Build.0 = Debug|Any CPU
		{C8BD21C9-75A4-4825-B516-B1FCD82394E1}.Debug|x64.ActiveCfg = Debug|Any CPU
		{C8BD21C9-75A4-4825-B516-B1FCD82394E1}.Debug|x64.Build.0 = Debug|Any CPU
		{C8BD21C9-75A4-4825-B516-B1FCD82394E1}.Debug|x86.ActiveCfg = Debug|Any CPU
		{C8BD21C9-75A4-4825-B516-B1FCD82394E1}.Debug|x86.Build.0 = Debug|Any CPU
		{C8BD21C9-75A4-4825-B516-B1FCD82394E1}.Release|Any CPU.ActiveCfg = Release|Any CPU
		{C8BD21C9-75A4-4825-B516-B1FCD82394E1}.Release|Any CPU.Build.0 = Release|Any CPU
		{C8BD21C9-75A4-4825-B516-B1FCD82394E1}.Release|x64.ActiveCfg = Release|Any CPU
		{C8BD21C9-75A4-4825-B516-B1FCD82394E1}.Release|x64.Build.0 = Release|Any CPU
		{C8BD21C9-75A4-4825-B516-B1FCD82394E1}.Release|x86.ActiveCfg = Release|Any CPU
		{C8BD21C9-75A4-4825-B516-B1FCD82394E1}.Release|x86.Build.0 = Release|Any CPU
		{7F87CB0E-FA7E-4DA6-AD70-A45F6616F86B}.Debug|Any CPU.ActiveCfg = Debug|Any CPU
		{7F87CB0E-FA7E-4DA6-AD70-A45F6616F86B}.Debug|Any CPU.Build.0 = Debug|Any CPU
		{7F87CB0E-FA7E-4DA6-AD70-A45F6616F86B}.Debug|x64.ActiveCfg = Debug|Any CPU
		{7F87CB0E-FA7E-4DA6-AD70-A45F6616F86B}.Debug|x64.Build.0 = Debug|Any CPU
		{7F87CB0E-FA7E-4DA6-AD70-A45F6616F86B}.Debug|x86.ActiveCfg = Debug|Any CPU
		{7F87CB0E-FA7E-4DA6-AD70-A45F6616F86B}.Debug|x86.Build.0 = Debug|Any CPU
		{7F87CB0E-FA7E-4DA6-AD70-A45F6616F86B}.Release|Any CPU.ActiveCfg = Release|Any CPU
		{7F87CB0E-FA7E-4DA6-AD70-A45F6616F86B}.Release|Any CPU.Build.0 = Release|Any CPU
		{7F87CB0E-FA7E-4DA6-AD70-A45F6616F86B}.Release|x64.ActiveCfg = Release|Any CPU
		{7F87CB0E-FA7E-4DA6-AD70-A45F6616F86B}.Release|x64.Build.0 = Release|Any CPU
		{7F87CB0E-FA7E-4DA6-AD70-A45F6616F86B}.Release|x86.ActiveCfg = Release|Any CPU
		{7F87CB0E-FA7E-4DA6-AD70-A45F6616F86B}.Release|x86.Build.0 = Release|Any CPU
		{D61F14BF-03DE-4AE4-AFFE-B79452DCB6D8}.Debug|Any CPU.ActiveCfg = Debug|Any CPU
		{D61F14BF-03DE-4AE4-AFFE-B79452DCB6D8}.Debug|Any CPU.Build.0 = Debug|Any CPU
		{D61F14BF-03DE-4AE4-AFFE-B79452DCB6D8}.Debug|x64.ActiveCfg = Debug|Any CPU
		{D61F14BF-03DE-4AE4-AFFE-B79452DCB6D8}.Debug|x64.Build.0 = Debug|Any CPU
		{D61F14BF-03DE-4AE4-AFFE-B79452DCB6D8}.Debug|x86.ActiveCfg = Debug|Any CPU
		{D61F14BF-03DE-4AE4-AFFE-B79452DCB6D8}.Debug|x86.Build.0 = Debug|Any CPU
		{D61F14BF-03DE-4AE4-AFFE-B79452DCB6D8}.Release|Any CPU.ActiveCfg = Release|Any CPU
		{D61F14BF-03DE-4AE4-AFFE-B79452DCB6D8}.Release|Any CPU.Build.0 = Release|Any CPU
		{D61F14BF-03DE-4AE4-AFFE-B79452DCB6D8}.Release|x64.ActiveCfg = Release|Any CPU
		{D61F14BF-03DE-4AE4-AFFE-B79452DCB6D8}.Release|x64.Build.0 = Release|Any CPU
		{D61F14BF-03DE-4AE4-AFFE-B79452DCB6D8}.Release|x86.ActiveCfg = Release|Any CPU
		{D61F14BF-03DE-4AE4-AFFE-B79452DCB6D8}.Release|x86.Build.0 = Release|Any CPU
		{B86A11D4-A328-4DB7-9D20-96586E43026F}.Debug|Any CPU.ActiveCfg = Debug|Any CPU
		{B86A11D4-A328-4DB7-9D20-96586E43026F}.Debug|Any CPU.Build.0 = Debug|Any CPU
		{B86A11D4-A328-4DB7-9D20-96586E43026F}.Debug|x64.ActiveCfg = Debug|Any CPU
		{B86A11D4-A328-4DB7-9D20-96586E43026F}.Debug|x64.Build.0 = Debug|Any CPU
		{B86A11D4-A328-4DB7-9D20-96586E43026F}.Debug|x86.ActiveCfg = Debug|Any CPU
		{B86A11D4-A328-4DB7-9D20-96586E43026F}.Debug|x86.Build.0 = Debug|Any CPU
		{B86A11D4-A328-4DB7-9D20-96586E43026F}.Release|Any CPU.ActiveCfg = Release|Any CPU
		{B86A11D4-A328-4DB7-9D20-96586E43026F}.Release|Any CPU.Build.0 = Release|Any CPU
		{B86A11D4-A328-4DB7-9D20-96586E43026F}.Release|x64.ActiveCfg = Release|Any CPU
		{B86A11D4-A328-4DB7-9D20-96586E43026F}.Release|x64.Build.0 = Release|Any CPU
		{B86A11D4-A328-4DB7-9D20-96586E43026F}.Release|x86.ActiveCfg = Release|Any CPU
		{B86A11D4-A328-4DB7-9D20-96586E43026F}.Release|x86.Build.0 = Release|Any CPU
		{3D209A14-B865-49B9-A974-205D67635003}.Debug|Any CPU.ActiveCfg = Debug|Any CPU
		{3D209A14-B865-49B9-A974-205D67635003}.Debug|Any CPU.Build.0 = Debug|Any CPU
		{3D209A14-B865-49B9-A974-205D67635003}.Release|Any CPU.ActiveCfg = Release|Any CPU
		{3D209A14-B865-49B9-A974-205D67635003}.Release|Any CPU.Build.0 = Release|Any CPU
		{ED2A8978-BB67-4128-80D5-FF7B11F2C4B2}.Debug|Any CPU.ActiveCfg = Debug|Any CPU
		{ED2A8978-BB67-4128-80D5-FF7B11F2C4B2}.Debug|Any CPU.Build.0 = Debug|Any CPU
		{ED2A8978-BB67-4128-80D5-FF7B11F2C4B2}.Release|Any CPU.ActiveCfg = Release|Any CPU
		{ED2A8978-BB67-4128-80D5-FF7B11F2C4B2}.Release|Any CPU.Build.0 = Release|Any CPU
	EndGlobalSection
	GlobalSection(SolutionProperties) = preSolution
		HideSolutionNode = FALSE
	EndGlobalSection
	GlobalSection(ExtensibilityGlobals) = postSolution
		SolutionGuid = {B3B36383-709C-4B71-BDCE-C9DFC63489E0}
	EndGlobalSection
EndGlobal
